
Microsoft Visual Studio Solution File, Format Version 12.00
# Visual Studio 2013
VisualStudioVersion = 12.0.40629.0
MinimumVisualStudioVersion = 10.0.40219.1
Project("{2150E333-8FDC-42A3-9474-1A3956D46DE8}") = "1. Presentacion", "1. Presentacion", "{503984B0-23A1-4567-A686-2AE5B21BAF02}"
EndProject
Project("{2150E333-8FDC-42A3-9474-1A3956D46DE8}") = "2. Servicios Distribuidos", "2. Servicios Distribuidos", "{9CB39C5E-986A-45E1-8055-7522396AA196}"
EndProject
Project("{FAE04EC0-301F-11D3-BF4B-00C04F79EFBC}") = "COES.Servicios.Aplicacion", "COES.Servicios.Aplicacion\COES.Servicios.Aplicacion.csproj", "{5FF9CD43-AB2F-42F2-B8B2-0D2C95EF41B1}"
EndProject
Project("{FAE04EC0-301F-11D3-BF4B-00C04F79EFBC}") = "COES.Dominio.DTO", "COES.Dominio.DTO\COES.Dominio.DTO.csproj", "{28FFF8F3-12CE-41B1-839B-2FD36D3C50A8}"
EndProject
Project("{FAE04EC0-301F-11D3-BF4B-00C04F79EFBC}") = "COES.Dominio.Interfaces", "COES.Dominio.Interfaces\COES.Dominio.Interfaces.csproj", "{64357C3C-6730-4361-9C9A-93778920D054}"
EndProject
Project("{2150E333-8FDC-42A3-9474-1A3956D46DE8}") = "3. Negocio", "3. Negocio", "{59C4407F-5099-4A07-897C-C5959CDF60F7}"
EndProject
Project("{FAE04EC0-301F-11D3-BF4B-00C04F79EFBC}") = "COES.Infraestructura.Datos", "COES.Infraestructura.Datos\COES.Infraestructura.Datos.csproj", "{71A87DD1-8424-4516-92F6-559BD0ECA8FF}"
EndProject
Project("{2150E333-8FDC-42A3-9474-1A3956D46DE8}") = "4. Infraestructura", "4. Infraestructura", "{77D8CBB1-3D0B-47F9-B119-49F18B37A22D}"
EndProject
Project("{2150E333-8FDC-42A3-9474-1A3956D46DE8}") = "5. Base", "5. Base", "{B4ABCE80-523C-49CE-9F1F-142DF009FAA9}"
EndProject
Project("{FAE04EC0-301F-11D3-BF4B-00C04F79EFBC}") = "COES.Base", "COES.Base\COES.Base.csproj", "{2F0B7B6A-0C6A-42B2-8C44-11697CF04242}"
EndProject
Project("{FAE04EC0-301F-11D3-BF4B-00C04F79EFBC}") = "COES.MVC.Intranet", "COES.MVC.Intranet\COES.MVC.Intranet.csproj", "{FA6514D9-B68C-40C7-8415-33F9BBFF0C83}"
EndProject
Project("{FAE04EC0-301F-11D3-BF4B-00C04F79EFBC}") = "COES.MVC.Extranet", "COES.MVC.Extranet\COES.MVC.Extranet.csproj", "{F2D2FFF3-349F-4AB6-AAA8-0A32223FDD4B}"
EndProject
Global
	GlobalSection(SolutionConfigurationPlatforms) = preSolution
		Debug|Any CPU = Debug|Any CPU
		Release|Any CPU = Release|Any CPU
	EndGlobalSection
	GlobalSection(ProjectConfigurationPlatforms) = postSolution
		{5FF9CD43-AB2F-42F2-B8B2-0D2C95EF41B1}.Debug|Any CPU.ActiveCfg = Debug|Any CPU
		{5FF9CD43-AB2F-42F2-B8B2-0D2C95EF41B1}.Debug|Any CPU.Build.0 = Debug|Any CPU
		{5FF9CD43-AB2F-42F2-B8B2-0D2C95EF41B1}.Release|Any CPU.ActiveCfg = Release|Any CPU
		{5FF9CD43-AB2F-42F2-B8B2-0D2C95EF41B1}.Release|Any CPU.Build.0 = Release|Any CPU
		{28FFF8F3-12CE-41B1-839B-2FD36D3C50A8}.Debug|Any CPU.ActiveCfg = Debug|Any CPU
		{28FFF8F3-12CE-41B1-839B-2FD36D3C50A8}.Debug|Any CPU.Build.0 = Debug|Any CPU
		{28FFF8F3-12CE-41B1-839B-2FD36D3C50A8}.Release|Any CPU.ActiveCfg = Release|Any CPU
		{28FFF8F3-12CE-41B1-839B-2FD36D3C50A8}.Release|Any CPU.Build.0 = Release|Any CPU
		{64357C3C-6730-4361-9C9A-93778920D054}.Debug|Any CPU.ActiveCfg = Debug|Any CPU
		{64357C3C-6730-4361-9C9A-93778920D054}.Debug|Any CPU.Build.0 = Debug|Any CPU
		{64357C3C-6730-4361-9C9A-93778920D054}.Release|Any CPU.ActiveCfg = Release|Any CPU
		{64357C3C-6730-4361-9C9A-93778920D054}.Release|Any CPU.Build.0 = Release|Any CPU
		{71A87DD1-8424-4516-92F6-559BD0ECA8FF}.Debug|Any CPU.ActiveCfg = Debug|Any CPU
		{71A87DD1-8424-4516-92F6-559BD0ECA8FF}.Debug|Any CPU.Build.0 = Debug|Any CPU
		{71A87DD1-8424-4516-92F6-559BD0ECA8FF}.Release|Any CPU.ActiveCfg = Release|Any CPU
		{71A87DD1-8424-4516-92F6-559BD0ECA8FF}.Release|Any CPU.Build.0 = Release|Any CPU
		{2F0B7B6A-0C6A-42B2-8C44-11697CF04242}.Debug|Any CPU.ActiveCfg = Debug|Any CPU
		{2F0B7B6A-0C6A-42B2-8C44-11697CF04242}.Debug|Any CPU.Build.0 = Debug|Any CPU
		{2F0B7B6A-0C6A-42B2-8C44-11697CF04242}.Release|Any CPU.ActiveCfg = Release|Any CPU
		{2F0B7B6A-0C6A-42B2-8C44-11697CF04242}.Release|Any CPU.Build.0 = Release|Any CPU
		{FA6514D9-B68C-40C7-8415-33F9BBFF0C83}.Debug|Any CPU.ActiveCfg = Debug|Any CPU
		{FA6514D9-B68C-40C7-8415-33F9BBFF0C83}.Debug|Any CPU.Build.0 = Debug|Any CPU
		{FA6514D9-B68C-40C7-8415-33F9BBFF0C83}.Release|Any CPU.ActiveCfg = Release|Any CPU
		{FA6514D9-B68C-40C7-8415-33F9BBFF0C83}.Release|Any CPU.Build.0 = Release|Any CPU
		{F2D2FFF3-349F-4AB6-AAA8-0A32223FDD4B}.Debug|Any CPU.ActiveCfg = Debug|Any CPU
		{F2D2FFF3-349F-4AB6-AAA8-0A32223FDD4B}.Debug|Any CPU.Build.0 = Debug|Any CPU
		{F2D2FFF3-349F-4AB6-AAA8-0A32223FDD4B}.Release|Any CPU.ActiveCfg = Release|Any CPU
		{F2D2FFF3-349F-4AB6-AAA8-0A32223FDD4B}.Release|Any CPU.Build.0 = Release|Any CPU
	EndGlobalSection
	GlobalSection(SolutionProperties) = preSolution
		HideSolutionNode = FALSE
	EndGlobalSection
	GlobalSection(NestedProjects) = preSolution
		{5FF9CD43-AB2F-42F2-B8B2-0D2C95EF41B1} = {59C4407F-5099-4A07-897C-C5959CDF60F7}
		{28FFF8F3-12CE-41B1-839B-2FD36D3C50A8} = {59C4407F-5099-4A07-897C-C5959CDF60F7}
		{64357C3C-6730-4361-9C9A-93778920D054} = {59C4407F-5099-4A07-897C-C5959CDF60F7}
		{71A87DD1-8424-4516-92F6-559BD0ECA8FF} = {77D8CBB1-3D0B-47F9-B119-49F18B37A22D}
		{2F0B7B6A-0C6A-42B2-8C44-11697CF04242} = {B4ABCE80-523C-49CE-9F1F-142DF009FAA9}
		{FA6514D9-B68C-40C7-8415-33F9BBFF0C83} = {503984B0-23A1-4567-A686-2AE5B21BAF02}
		{F2D2FFF3-349F-4AB6-AAA8-0A32223FDD4B} = {503984B0-23A1-4567-A686-2AE5B21BAF02}
	EndGlobalSection
EndGlobal
